// !$*UTF8*$!
{
	archiveVersion = 1;
	classes = {
	};
	objectVersion = 46;
	objects = {

/* Begin PBXBuildFile section */
		89CCB8B919E8230000488A9F /* AppDelegate.swift in Sources */ = {isa = PBXBuildFile; fileRef = 89CCB8B819E8230000488A9F /* AppDelegate.swift */; };
		89CCB8BB19E8230000488A9F /* ViewController.swift in Sources */ = {isa = PBXBuildFile; fileRef = 89CCB8BA19E8230000488A9F /* ViewController.swift */; };
		89CCB8BE19E8230000488A9F /* Main.storyboard in Resources */ = {isa = PBXBuildFile; fileRef = 89CCB8BC19E8230000488A9F /* Main.storyboard */; };
		89CCB8C019E8230000488A9F /* Images.xcassets in Resources */ = {isa = PBXBuildFile; fileRef = 89CCB8BF19E8230000488A9F /* Images.xcassets */; };
		89CCB8CC19E8230000488A9F /* SimpleLogin_SwiftTests.swift in Sources */ = {isa = PBXBuildFile; fileRef = 89CCB8CB19E8230000488A9F /* SimpleLogin_SwiftTests.swift */; };
/* End PBXBuildFile section */

/* Begin PBXContainerItemProxy section */
		89CCB8C619E8230000488A9F /* PBXContainerItemProxy */ = {
			isa = PBXContainerItemProxy;
			containerPortal = 89CCB8AB19E8230000488A9F /* Project object */;
			proxyType = 1;
			remoteGlobalIDString = 89CCB8B219E8230000488A9F;
			remoteInfo = SimpleLogin_Swift;
		};
/* End PBXContainerItemProxy section */

/* Begin PBXFileReference section */
		89CCB8B319E8230000488A9F /* SimpleLogin_Swift.app */ = {isa = PBXFileReference; explicitFileType = wrapper.application; includeInIndex = 0; path = SimpleLogin_Swift.app; sourceTree = BUILT_PRODUCTS_DIR; };
		89CCB8B719E8230000488A9F /* Info.plist */ = {isa = PBXFileReference; lastKnownFileType = text.plist.xml; path = Info.plist; sourceTree = "<group>"; };
		89CCB8B819E8230000488A9F /* AppDelegate.swift */ = {isa = PBXFileReference; lastKnownFileType = sourcecode.swift; path = AppDelegate.swift; sourceTree = "<group>"; };
		89CCB8BA19E8230000488A9F /* ViewController.swift */ = {isa = PBXFileReference; lastKnownFileType = sourcecode.swift; path = ViewController.swift; sourceTree = "<group>"; };
		89CCB8BD19E8230000488A9F /* Base */ = {isa = PBXFileReference; lastKnownFileType = file.storyboard; name = Base; path = Base.lproj/Main.storyboard; sourceTree = "<group>"; };
		89CCB8BF19E8230000488A9F /* Images.xcassets */ = {isa = PBXFileReference; lastKnownFileType = folder.assetcatalog; path = Images.xcassets; sourceTree = "<group>"; };
		89CCB8C519E8230000488A9F /* SimpleLogin_SwiftTests.xctest */ = {isa = PBXFileReference; explicitFileType = wrapper.cfbundle; includeInIndex = 0; path = SimpleLogin_SwiftTests.xctest; sourceTree = BUILT_PRODUCTS_DIR; };
		89CCB8CA19E8230000488A9F /* Info.plist */ = {isa = PBXFileReference; lastKnownFileType = text.plist.xml; path = Info.plist; sourceTree = "<group>"; };
		89CCB8CB19E8230000488A9F /* SimpleLogin_SwiftTests.swift */ = {isa = PBXFileReference; lastKnownFileType = sourcecode.swift; path = SimpleLogin_SwiftTests.swift; sourceTree = "<group>"; };
/* End PBXFileReference section */

/* Begin PBXFrameworksBuildPhase section */
		89CCB8B019E8230000488A9F /* Frameworks */ = {
			isa = PBXFrameworksBuildPhase;
			buildActionMask = 2147483647;
			files = (
			);
			runOnlyForDeploymentPostprocessing = 0;
		};
		89CCB8C219E8230000488A9F /* Frameworks */ = {
			isa = PBXFrameworksBuildPhase;
			buildActionMask = 2147483647;
			files = (
			);
			runOnlyForDeploymentPostprocessing = 0;
		};
/* End PBXFrameworksBuildPhase section */

/* Begin PBXGroup section */
		89CCB8AA19E8230000488A9F = {
			isa = PBXGroup;
			children = (
				89CCB8B519E8230000488A9F /* SimpleLogin_Swift */,
				89CCB8C819E8230000488A9F /* SimpleLogin_SwiftTests */,
				89CCB8B419E8230000488A9F /* Products */,
			);
			sourceTree = "<group>";
		};
		89CCB8B419E8230000488A9F /* Products */ = {
			isa = PBXGroup;
			children = (
				89CCB8B319E8230000488A9F /* SimpleLogin_Swift.app */,
				89CCB8C519E8230000488A9F /* SimpleLogin_SwiftTests.xctest */,
			);
			name = Products;
			sourceTree = "<group>";
		};
		89CCB8B519E8230000488A9F /* SimpleLogin_Swift */ = {
			isa = PBXGroup;
			children = (
				89CCB8B819E8230000488A9F /* AppDelegate.swift */,
				89CCB8BA19E8230000488A9F /* ViewController.swift */,
				89CCB8BC19E8230000488A9F /* Main.storyboard */,
				89CCB8BF19E8230000488A9F /* Images.xcassets */,
				89CCB8B619E8230000488A9F /* Supporting Files */,
			);
			path = SimpleLogin_Swift;
			sourceTree = "<group>";
		};
		89CCB8B619E8230000488A9F /* Supporting Files */ = {
			isa = PBXGroup;
			children = (
				89CCB8B719E8230000488A9F /* Info.plist */,
			);
			name = "Supporting Files";
			sourceTree = "<group>";
		};
		89CCB8C819E8230000488A9F /* SimpleLogin_SwiftTests */ = {
			isa = PBXGroup;
			children = (
				89CCB8CB19E8230000488A9F /* SimpleLogin_SwiftTests.swift */,
				89CCB8C919E8230000488A9F /* Supporting Files */,
			);
			path = SimpleLogin_SwiftTests;
			sourceTree = "<group>";
		};
		89CCB8C919E8230000488A9F /* Supporting Files */ = {
			isa = PBXGroup;
			children = (
				89CCB8CA19E8230000488A9F /* Info.plist */,
			);
			name = "Supporting Files";
			sourceTree = "<group>";
		};
/* End PBXGroup section */

/* Begin PBXNativeTarget section */
		89CCB8B219E8230000488A9F /* SimpleLogin_Swift */ = {
			isa = PBXNativeTarget;
			buildConfigurationList = 89CCB8CF19E8230000488A9F /* Build configuration list for PBXNativeTarget "SimpleLogin_Swift" */;
			buildPhases = (
				89CCB8AF19E8230000488A9F /* Sources */,
				89CCB8B019E8230000488A9F /* Frameworks */,
				89CCB8B119E8230000488A9F /* Resources */,
			);
			buildRules = (
			);
			dependencies = (
			);
			name = SimpleLogin_Swift;
			productName = SimpleLogin_Swift;
			productReference = 89CCB8B319E8230000488A9F /* SimpleLogin_Swift.app */;
			productType = "com.apple.product-type.application";
		};
		89CCB8C419E8230000488A9F /* SimpleLogin_SwiftTests */ = {
			isa = PBXNativeTarget;
			buildConfigurationList = 89CCB8D219E8230000488A9F /* Build configuration list for PBXNativeTarget "SimpleLogin_SwiftTests" */;
			buildPhases = (
				89CCB8C119E8230000488A9F /* Sources */,
				89CCB8C219E8230000488A9F /* Frameworks */,
				89CCB8C319E8230000488A9F /* Resources */,
			);
			buildRules = (
			);
			dependencies = (
				89CCB8C719E8230000488A9F /* PBXTargetDependency */,
			);
			name = SimpleLogin_SwiftTests;
			productName = SimpleLogin_SwiftTests;
			productReference = 89CCB8C519E8230000488A9F /* SimpleLogin_SwiftTests.xctest */;
			productType = "com.apple.product-type.bundle.unit-test";
		};
/* End PBXNativeTarget section */

/* Begin PBXProject section */
		89CCB8AB19E8230000488A9F /* Project object */ = {
			isa = PBXProject;
			attributes = {
				LastUpgradeCheck = 0600;
				ORGANIZATIONNAME = "Rama Chandra";
				TargetAttributes = {
					89CCB8B219E8230000488A9F = {
						CreatedOnToolsVersion = 6.0;
					};
					89CCB8C419E8230000488A9F = {
						CreatedOnToolsVersion = 6.0;
						TestTargetID = 89CCB8B219E8230000488A9F;
					};
				};
			};
			buildConfigurationList = 89CCB8AE19E8230000488A9F /* Build configuration list for PBXProject "SimpleLogin_Swift" */;
			compatibilityVersion = "Xcode 3.2";
			developmentRegion = English;
			hasScannedForEncodings = 0;
			knownRegions = (
				en,
				Base,
			);
			mainGroup = 89CCB8AA19E8230000488A9F;
			productRefGroup = 89CCB8B419E8230000488A9F /* Products */;
			projectDirPath = "";
			projectRoot = "";
			targets = (
				89CCB8B219E8230000488A9F /* SimpleLogin_Swift */,
				89CCB8C419E8230000488A9F /* SimpleLogin_SwiftTests */,
			);
		};
/* End PBXProject section */

/* Begin PBXResourcesBuildPhase section */
		89CCB8B119E8230000488A9F /* Resources */ = {
			isa = PBXResourcesBuildPhase;
			buildActionMask = 2147483647;
			files = (
				89CCB8BE19E8230000488A9F /* Main.storyboard in Resources */,
				89CCB8C019E8230000488A9F /* Images.xcassets in Resources */,
			);
			runOnlyForDeploymentPostprocessing = 0;
		};
		89CCB8C319E8230000488A9F /* Resources */ = {
			isa = PBXResourcesBuildPhase;
			buildActionMask = 2147483647;
			files = (
			);
			runOnlyForDeploymentPostprocessing = 0;
		};
/* End PBXResourcesBuildPhase section */

/* Begin PBXSourcesBuildPhase section */
		89CCB8AF19E8230000488A9F /* Sources */ = {
			isa = PBXSourcesBuildPhase;
			buildActionMask = 2147483647;
			files = (
				89CCB8BB19E8230000488A9F /* ViewController.swift in Sources */,
				89CCB8B919E8230000488A9F /* AppDelegate.swift in Sources */,
			);
			runOnlyForDeploymentPostprocessing = 0;
		};
		89CCB8C119E8230000488A9F /* Sources */ = {
			isa = PBXSourcesBuildPhase;
			buildActionMask = 2147483647;
			files = (
				89CCB8CC19E8230000488A9F /* SimpleLogin_SwiftTests.swift in Sources */,
			);
			runOnlyForDeploymentPostprocessing = 0;
		};
/* End PBXSourcesBuildPhase section */

/* Begin PBXTargetDependency section */
		89CCB8C719E8230000488A9F /* PBXTargetDependency */ = {
			isa = PBXTargetDependency;
			target = 89CCB8B219E8230000488A9F /* SimpleLogin_Swift */;
			targetProxy = 89CCB8C619E8230000488A9F /* PBXContainerItemProxy */;
		};
/* End PBXTargetDependency section */

/* Begin PBXVariantGroup section */
		89CCB8BC19E8230000488A9F /* Main.storyboard */ = {
			isa = PBXVariantGroup;
			children = (
				89CCB8BD19E8230000488A9F /* Base */,
			);
			name = Main.storyboard;
			sourceTree = "<group>";
		};
/* End PBXVariantGroup section */

/* Begin XCBuildConfiguration section */
		89CCB8CD19E8230000488A9F /* Debug */ = {
			isa = XCBuildConfiguration;
			buildSettings = {
				ALWAYS_SEARCH_USER_PATHS = NO;
				CLANG_CXX_LANGUAGE_STANDARD = "gnu++0x";
				CLANG_CXX_LIBRARY = "libc++";
				CLANG_ENABLE_MODULES = YES;
				CLANG_ENABLE_OBJC_ARC = YES;
				CLANG_WARN_BOOL_CONVERSION = YES;
				CLANG_WARN_CONSTANT_CONVERSION = YES;
				CLANG_WARN_DIRECT_OBJC_ISA_USAGE = YES_ERROR;
				CLANG_WARN_EMPTY_BODY = YES;
				CLANG_WARN_ENUM_CONVERSION = YES;
				CLANG_WARN_INT_CONVERSION = YES;
				CLANG_WARN_OBJC_ROOT_CLASS = YES_ERROR;
				CLANG_WARN_UNREACHABLE_CODE = YES;
				CLANG_WARN__DUPLICATE_METHOD_MATCH = YES;
				"CODE_SIGN_IDENTITY[sdk=iphoneos*]" = "iPhone Developer";
				COPY_PHASE_STRIP = NO;
				ENABLE_STRICT_OBJC_MSGSEND = YES;
				GCC_C_LANGUAGE_STANDARD = gnu99;
				GCC_DYNAMIC_NO_PIC = NO;
				GCC_OPTIMIZATION_LEVEL = 0;
				GCC_PREPROCESSOR_DEFINITIONS = (
					"DEBUG=1",
					"$(inherited)",
				);
				GCC_SYMBOLS_PRIVATE_EXTERN = NO;
				GCC_WARN_64_TO_32_BIT_CONVERSION = YES;
				GCC_WARN_ABOUT_RETURN_TYPE = YES_ERROR;
				GCC_WARN_UNDECLARED_SELECTOR = YES;
				GCC_WARN_UNINITIALIZED_AUTOS = YES_AGGRESSIVE;
				GCC_WARN_UNUSED_FUNCTION = YES;
				GCC_WARN_UNUSED_VARIABLE = YES;
				IPHONEOS_DEPLOYMENT_TARGET = 8.0;
				MTL_ENABLE_DEBUG_INFO = YES;
				ONLY_ACTIVE_ARCH = YES;
				SDKROOT = iphoneos;
				SWIFT_OPTIMIZATION_LEVEL = "-Onone";
			};
			name = Debug;
		};
		89CCB8CE19E8230000488A9F /* Release */ = {
			isa = XCBuildConfiguration;
			buildSettings = {
				ALWAYS_SEARCH_USER_PATHS = NO;
				CLANG_CXX_LANGUAGE_STANDARD = "gnu++0x";
				CLANG_CXX_LIBRARY = "libc++";
				CLANG_ENABLE_MODULES = YES;
				CLANG_ENABLE_OBJC_ARC = YES;
				CLANG_WARN_BOOL_CONVERSION = YES;
				CLANG_WARN_CONSTANT_CONVERSION = YES;
				CLANG_WARN_DIRECT_OBJC_ISA_USAGE = YES_ERROR;
				CLANG_WARN_EMPTY_BODY = YES;
				CLANG_WARN_ENUM_CONVERSION = YES;
				CLANG_WARN_INT_CONVERSION = YES;
				CLANG_WARN_OBJC_ROOT_CLASS = YES_ERROR;
				CLANG_WARN_UNREACHABLE_CODE = YES;
				CLANG_WARN__DUPLICATE_METHOD_MATCH = YES;
				"CODE_SIGN_IDENTITY[sdk=iphoneos*]" = "iPhone Developer";
				COPY_PHASE_STRIP = YES;
				ENABLE_NS_ASSERTIONS = NO;
				ENABLE_STRICT_OBJC_MSGSEND = YES;
				GCC_C_LANGUAGE_STANDARD = gnu99;
				GCC_WARN_64_TO_32_BIT_CONVERSION = YES;
				GCC_WARN_ABOUT_RETURN_TYPE = YES_ERROR;
				GCC_WARN_UNDECLARED_SELECTOR = YES;
				GCC_WARN_UNINITIALIZED_AUTOS = YES_AGGRESSIVE;
				GCC_WARN_UNUSED_FUNCTION = YES;
				GCC_WARN_UNUSED_VARIABLE = YES;
				IPHONEOS_DEPLOYMENT_TARGET = 8.0;
				MTL_ENABLE_DEBUG_INFO = NO;
				SDKROOT = iphoneos;
				VALIDATE_PRODUCT = YES;
			};
			name = Release;
		};
		89CCB8D019E8230000488A9F /* Debug */ = {
			isa = XCBuildConfiguration;
			buildSettings = {
				ASSETCATALOG_COMPILER_APPICON_NAME = AppIcon;
				ASSETCATALOG_COMPILER_LAUNCHIMAGE_NAME = LaunchImage;
				INFOPLIST_FILE = SimpleLogin_Swift/Info.plist;
				LD_RUNPATH_SEARCH_PATHS = "$(inherited) @executable_path/Frameworks";
				PRODUCT_NAME = "$(TARGET_NAME)";
			};
			name = Debug;
		};
		89CCB8D119E8230000488A9F /* Release */ = {
			isa = XCBuildConfiguration;
			buildSettings = {
				ASSETCATALOG_COMPILER_APPICON_NAME = AppIcon;
				ASSETCATALOG_COMPILER_LAUNCHIMAGE_NAME = LaunchImage;
				INFOPLIST_FILE = SimpleLogin_Swift/Info.plist;
				LD_RUNPATH_SEARCH_PATHS = "$(inherited) @executable_path/Frameworks";
				PRODUCT_NAME = "$(TARGET_NAME)";
			};
			name = Release;
		};
		89CCB8D319E8230000488A9F /* Debug */ = {
			isa = XCBuildConfiguration;
			buildSettings = {
				BUNDLE_LOADER = "$(TEST_HOST)";
				FRAMEWORK_SEARCH_PATHS = (
					"$(SDKROOT)/Developer/Library/Frameworks",
					"$(inherited)",
				);
				GCC_PREPROCESSOR_DEFINITIONS = (
					"DEBUG=1",
					"$(inherited)",
				);
				INFOPLIST_FILE = SimpleLogin_SwiftTests/Info.plist;
				LD_RUNPATH_SEARCH_PATHS = "$(inherited) @executable_path/Frameworks @loader_path/Frameworks";
				PRODUCT_NAME = "$(TARGET_NAME)";
				TEST_HOST = "$(BUILT_PRODUCTS_DIR)/SimpleLogin_Swift.app/SimpleLogin_Swift";
			};
			name = Debug;
		};
		89CCB8D419E8230000488A9F /* Release */ = {
			isa = XCBuildConfiguration;
			buildSettings = {
				BUNDLE_LOADER = "$(TEST_HOST)";
				FRAMEWORK_SEARCH_PATHS = (
					"$(SDKROOT)/Developer/Library/Frameworks",
					"$(inherited)",
				);
				INFOPLIST_FILE = SimpleLogin_SwiftTests/Info.plist;
				LD_RUNPATH_SEARCH_PATHS = "$(inherited) @executable_path/Frameworks @loader_path/Frameworks";
				PRODUCT_NAME = "$(TARGET_NAME)";
				TEST_HOST = "$(BUILT_PRODUCTS_DIR)/SimpleLogin_Swift.app/SimpleLogin_Swift";
			};
			name = Release;
		};
/* End XCBuildConfiguration section */

/* Begin XCConfigurationList section */
		89CCB8AE19E8230000488A9F /* Build configuration list for PBXProject "SimpleLogin_Swift" */ = {
			isa = XCConfigurationList;
			buildConfigurations = (
				89CCB8CD19E8230000488A9F /* Debug */,
				89CCB8CE19E8230000488A9F /* Release */,
			);
			defaultConfigurationIsVisible = 0;
			defaultConfigurationName = Release;
		};
		89CCB8CF19E8230000488A9F /* Build configuration list for PBXNativeTarget "SimpleLogin_Swift" */ = {
			isa = XCConfigurationList;
			buildConfigurations = (
				89CCB8D019E8230000488A9F /* Debug */,
				89CCB8D119E8230000488A9F /* Release */,
			);
			defaultConfigurationIsVisible = 0;
		};
		89CCB8D219E8230000488A9F /* Build configuration list for PBXNativeTarget "SimpleLogin_SwiftTests" */ = {
			isa = XCConfigurationList;
			buildConfigurations = (
				89CCB8D319E8230000488A9F /* Debug */,
				89CCB8D419E8230000488A9F /* Release */,
			);
			defaultConfigurationIsVisible = 0;
		};
/* End XCConfigurationList section */
	};
	rootObject = 89CCB8AB19E8230000488A9F /* Project object */;
}
